PODS:
  - CocoaLumberjack/Core (3.5.3)
  - CocoaLumberjack/Swift (3.5.3):
    - CocoaLumberjack/Core
  - SnapKit (5.0.0)

DEPENDENCIES:
  - CocoaLumberjack/Swift
  - SnapKit (~> 5.0.0)

SPEC REPOS:
  https://github.com/cocoapods/specs.git:
    - CocoaLumberjack
    - SnapKit

SPEC CHECKSUMS:
  CocoaLumberjack: 2f44e60eb91c176d471fdba43b9e3eae6a721947
  SnapKit: fd22d10eb9aff484d79a8724eab922c1ddf89bcf

PODFILE CHECKSUM: d2542cc2f59b57885def8be2ac82e2a6e20ac20f

COCOAPODS: 1.7.3
